// !$*UTF8*$!
{
	archiveVersion = 1;
	classes = {
	};
	objectVersion = 50;
	objects = {

/* Begin PBXBuildFile section */
		963EE903241985DE00DEB3A3 /* AppDelegate.swift in Sources */ = {isa = PBXBuildFile; fileRef = 963EE902241985DE00DEB3A3 /* AppDelegate.swift */; };
		963EE905241985DE00DEB3A3 /* SceneDelegate.swift in Sources */ = {isa = PBXBuildFile; fileRef = 963EE904241985DE00DEB3A3 /* SceneDelegate.swift */; };
		963EE907241985DE00DEB3A3 /* ViewController.swift in Sources */ = {isa = PBXBuildFile; fileRef = 963EE906241985DE00DEB3A3 /* ViewController.swift */; };
		963EE90A241985DE00DEB3A3 /* Main.storyboard in Resources */ = {isa = PBXBuildFile; fileRef = 963EE908241985DE00DEB3A3 /* Main.storyboard */; };
		963EE90D241985DE00DEB3A3 /* AkiX.xcdatamodeld in Sources */ = {isa = PBXBuildFile; fileRef = 963EE90B241985DE00DEB3A3 /* AkiX.xcdatamodeld */; };
		963EE90F241985DE00DEB3A3 /* Assets.xcassets in Resources */ = {isa = PBXBuildFile; fileRef = 963EE90E241985DE00DEB3A3 /* Assets.xcassets */; };
		963EE912241985DE00DEB3A3 /* LaunchScreen.storyboard in Resources */ = {isa = PBXBuildFile; fileRef = 963EE910241985DE00DEB3A3 /* LaunchScreen.storyboard */; };
/* End PBXBuildFile section */

/* Begin PBXFileReference section */
		963EE8FF241985DE00DEB3A3 /* AkiX.app */ = {isa = PBXFileReference; explicitFileType = wrapper.application; includeInIndex = 0; path = AkiX.app; sourceTree = BUILT_PRODUCTS_DIR; };
		963EE902241985DE00DEB3A3 /* AppDelegate.swift */ = {isa = PBXFileReference; lastKnownFileType = sourcecode.swift; path = AppDelegate.swift; sourceTree = "<group>"; };
		963EE904241985DE00DEB3A3 /* SceneDelegate.swift */ = {isa = PBXFileReference; lastKnownFileType = sourcecode.swift; path = SceneDelegate.swift; sourceTree = "<group>"; };
		963EE906241985DE00DEB3A3 /* ViewController.swift */ = {isa = PBXFileReference; lastKnownFileType = sourcecode.swift; path = ViewController.swift; sourceTree = "<group>"; };
		963EE909241985DE00DEB3A3 /* Base */ = {isa = PBXFileReference; lastKnownFileType = file.storyboard; name = Base; path = Base.lproj/Main.storyboard; sourceTree = "<group>"; };
		963EE90C241985DE00DEB3A3 /* AkiX.xcdatamodel */ = {isa = PBXFileReference; lastKnownFileType = wrapper.xcdatamodel; path = AkiX.xcdatamodel; sourceTree = "<group>"; };
		963EE90E241985DE00DEB3A3 /* Assets.xcassets */ = {isa = PBXFileReference; lastKnownFileType = folder.assetcatalog; path = Assets.xcassets; sourceTree = "<group>"; };
		963EE911241985DE00DEB3A3 /* Base */ = {isa = PBXFileReference; lastKnownFileType = file.storyboard; name = Base; path = Base.lproj/LaunchScreen.storyboard; sourceTree = "<group>"; };
		963EE913241985DE00DEB3A3 /* Info.plist */ = {isa = PBXFileReference; lastKnownFileType = text.plist.xml; path = Info.plist; sourceTree = "<group>"; };
/* End PBXFileReference section */

/* Begin PBXFrameworksBuildPhase section */
		963EE8FC241985DE00DEB3A3 /* Frameworks */ = {
			isa = PBXFrameworksBuildPhase;
			buildActionMask = 2147483647;
			files = (
			);
			runOnlyForDeploymentPostprocessing = 0;
		};
/* End PBXFrameworksBuildPhase section */

/* Begin PBXGroup section */
		963EE8F6241985DE00DEB3A3 = {
			isa = PBXGroup;
			children = (
				963EE901241985DE00DEB3A3 /* AkiX */,
				963EE900241985DE00DEB3A3 /* Products */,
			);
			sourceTree = "<group>";
		};
		963EE900241985DE00DEB3A3 /* Products */ = {
			isa = PBXGroup;
			children = (
				963EE8FF241985DE00DEB3A3 /* AkiX.app */,
			);
			name = Products;
			sourceTree = "<group>";
		};
		963EE901241985DE00DEB3A3 /* AkiX */ = {
			isa = PBXGroup;
			children = (
				963EE902241985DE00DEB3A3 /* AppDelegate.swift */,
				963EE904241985DE00DEB3A3 /* SceneDelegate.swift */,
				963EE906241985DE00DEB3A3 /* ViewController.swift */,
				963EE908241985DE00DEB3A3 /* Main.storyboard */,
				963EE90E241985DE00DEB3A3 /* Assets.xcassets */,
				963EE910241985DE00DEB3A3 /* LaunchScreen.storyboard */,
				963EE913241985DE00DEB3A3 /* Info.plist */,
				963EE90B241985DE00DEB3A3 /* AkiX.xcdatamodeld */,
			);
			path = AkiX;
			sourceTree = "<group>";
		};
/* End PBXGroup section */

/* Begin PBXNativeTarget section */
		963EE8FE241985DE00DEB3A3 /* AkiX */ = {
			isa = PBXNativeTarget;
			buildConfigurationList = 963EE916241985DE00DEB3A3 /* Build configuration list for PBXNativeTarget "AkiX" */;
			buildPhases = (
				963EE8FB241985DE00DEB3A3 /* Sources */,
				963EE8FC241985DE00DEB3A3 /* Frameworks */,
				963EE8FD241985DE00DEB3A3 /* Resources */,
			);
			buildRules = (
			);
			dependencies = (
			);
			name = AkiX;
			productName = AkiX;
			productReference = 963EE8FF241985DE00DEB3A3 /* AkiX.app */;
			productType = "com.apple.product-type.application";
		};
/* End PBXNativeTarget section */

/* Begin PBXProject section */
		963EE8F7241985DE00DEB3A3 /* Project object */ = {
			isa = PBXProject;
			attributes = {
				LastSwiftUpdateCheck = 1130;
				LastUpgradeCheck = 1130;
				ORGANIZATIONNAME = "Ermeson Scheffer";
				TargetAttributes = {
					963EE8FE241985DE00DEB3A3 = {
						CreatedOnToolsVersion = 11.3.1;
					};
				};
			};
			buildConfigurationList = 963EE8FA241985DE00DEB3A3 /* Build configuration list for PBXProject "AkiX" */;
			compatibilityVersion = "Xcode 9.3";
			developmentRegion = en;
			hasScannedForEncodings = 0;
			knownRegions = (
				en,
				Base,
			);
			mainGroup = 963EE8F6241985DE00DEB3A3;
			productRefGroup = 963EE900241985DE00DEB3A3 /* Products */;
			projectDirPath = "";
			projectRoot = "";
			targets = (
				963EE8FE241985DE00DEB3A3 /* AkiX */,
			);
		};
/* End PBXProject section */

/* Begin PBXResourcesBuildPhase section */
		963EE8FD241985DE00DEB3A3 /* Resources */ = {
			isa = PBXResourcesBuildPhase;
			buildActionMask = 2147483647;
			files = (
				963EE912241985DE00DEB3A3 /* LaunchScreen.storyboard in Resources */,
				963EE90F241985DE00DEB3A3 /* Assets.xcassets in Resources */,
				963EE90A241985DE00DEB3A3 /* Main.storyboard in Resources */,
			);
			runOnlyForDeploymentPostprocessing = 0;
		};
/* End PBXResourcesBuildPhase section */

/* Begin PBXSourcesBuildPhase section */
		963EE8FB241985DE00DEB3A3 /* Sources */ = {
			isa = PBXSourcesBuildPhase;
			buildActionMask = 2147483647;
			files = (
				963EE907241985DE00DEB3A3 /* ViewController.swift in Sources */,
				963EE903241985DE00DEB3A3 /* AppDelegate.swift in Sources */,
				963EE90D241985DE00DEB3A3 /* AkiX.xcdatamodeld in Sources */,
				963EE905241985DE00DEB3A3 /* SceneDelegate.swift in Sources */,
			);
			runOnlyForDeploymentPostprocessing = 0;
		};
/* End PBXSourcesBuildPhase section */

/* Begin PBXVariantGroup section */
		963EE908241985DE00DEB3A3 /* Main.storyboard */ = {
			isa = PBXVariantGroup;
			children = (
				963EE909241985DE00DEB3A3 /* Base */,
			);
			name = Main.storyboard;
			sourceTree = "<group>";
		};
		963EE910241985DE00DEB3A3 /* LaunchScreen.storyboard */ = {
			isa = PBXVariantGroup;
			children = (
				963EE911241985DE00DEB3A3 /* Base */,
			);
			name = LaunchScreen.storyboard;
			sourceTree = "<group>";
		};
/* End PBXVariantGroup section */

/* Begin XCBuildConfiguration section */
		963EE914241985DE00DEB3A3 /* Debug */ = {
			isa = XCBuildConfiguration;
			buildSettings = {
				ALWAYS_SEARCH_USER_PATHS = NO;
				CLANG_ANALYZER_NONNULL = YES;
				CLANG_ANALYZER_NUMBER_OBJECT_CONVERSION = YES_AGGRESSIVE;
				CLANG_CXX_LANGUAGE_STANDARD = "gnu++14";
				CLANG_CXX_LIBRARY = "libc++";
				CLANG_ENABLE_MODULES = YES;
				CLANG_ENABLE_OBJC_ARC = YES;
				CLANG_ENABLE_OBJC_WEAK = YES;
				CLANG_WARN_BLOCK_CAPTURE_AUTORELEASING = YES;
				CLANG_WARN_BOOL_CONVERSION = YES;
				CLANG_WARN_COMMA = YES;
				CLANG_WARN_CONSTANT_CONVERSION = YES;
				CLANG_WARN_DEPRECATED_OBJC_IMPLEMENTATIONS = YES;
				CLANG_WARN_DIRECT_OBJC_ISA_USAGE = YES_ERROR;
				CLANG_WARN_DOCUMENTATION_COMMENTS = YES;
				CLANG_WARN_EMPTY_BODY = YES;
				CLANG_WARN_ENUM_CONVERSION = YES;
				CLANG_WARN_INFINITE_RECURSION = YES;
				CLANG_WARN_INT_CONVERSION = YES;
				CLANG_WARN_NON_LITERAL_NULL_CONVERSION = YES;
				CLANG_WARN_OBJC_IMPLICIT_RETAIN_SELF = YES;
				CLANG_WARN_OBJC_LITERAL_CONVERSION = YES;
				CLANG_WARN_OBJC_ROOT_CLASS = YES_ERROR;
				CLANG_WARN_RANGE_LOOP_ANALYSIS = YES;
				CLANG_WARN_STRICT_PROTOTYPES = YES;
				CLANG_WARN_SUSPICIOUS_MOVE = YES;
				CLANG_WARN_UNGUARDED_AVAILABILITY = YES_AGGRESSIVE;
				CLANG_WARN_UNREACHABLE_CODE = YES;
				CLANG_WARN__DUPLICATE_METHOD_MATCH = YES;
				COPY_PHASE_STRIP = NO;
				DEBUG_INFORMATION_FORMAT = dwarf;
				ENABLE_STRICT_OBJC_MSGSEND = YES;
				ENABLE_TESTABILITY = YES;
				GCC_C_LANGUAGE_STANDARD = gnu11;
				GCC_DYNAMIC_NO_PIC = NO;
				GCC_NO_COMMON_BLOCKS = YES;
				GCC_OPTIMIZATION_LEVEL = 0;
				GCC_PREPROCESSOR_DEFINITIONS = (
					"DEBUG=1",
					"$(inherited)",
				);
				GCC_WARN_64_TO_32_BIT_CONVERSION = YES;
				GCC_WARN_ABOUT_RETURN_TYPE = YES_ERROR;
				GCC_WARN_UNDECLARED_SELECTOR = YES;
				GCC_WARN_UNINITIALIZED_AUTOS = YES_AGGRESSIVE;
				GCC_WARN_UNUSED_FUNCTION = YES;
				GCC_WARN_UNUSED_VARIABLE = YES;
				IPHONEOS_DEPLOYMENT_TARGET = 13.2;
				MTL_ENABLE_DEBUG_INFO = INCLUDE_SOURCE;
				MTL_FAST_MATH = YES;
				ONLY_ACTIVE_ARCH = YES;
				SDKROOT = iphoneos;
				SWIFT_ACTIVE_COMPILATION_CONDITIONS = DEBUG;
				SWIFT_OPTIMIZATION_LEVEL = "-Onone";
			};
			name = Debug;
		};
		963EE915241985DE00DEB3A3 /* Release */ = {
			isa = XCBuildConfiguration;
			buildSettings = {
				ALWAYS_SEARCH_USER_PATHS = NO;
				CLANG_ANALYZER_NONNULL = YES;
				CLANG_ANALYZER_NUMBER_OBJECT_CONVERSION = YES_AGGRESSIVE;
				CLANG_CXX_LANGUAGE_STANDARD = "gnu++14";
				CLANG_CXX_LIBRARY = "libc++";
				CLANG_ENABLE_MODULES = YES;
				CLANG_ENABLE_OBJC_ARC = YES;
				CLANG_ENABLE_OBJC_WEAK = YES;
				CLANG_WARN_BLOCK_CAPTURE_AUTORELEASING = YES;
				CLANG_WARN_BOOL_CONVERSION = YES;
				CLANG_WARN_COMMA = YES;
				CLANG_WARN_CONSTANT_CONVERSION = YES;
				CLANG_WARN_DEPRECATED_OBJC_IMPLEMENTATIONS = YES;
				CLANG_WARN_DIRECT_OBJC_ISA_USAGE = YES_ERROR;
				CLANG_WARN_DOCUMENTATION_COMMENTS = YES;
				CLANG_WARN_EMPTY_BODY = YES;
				CLANG_WARN_ENUM_CONVERSION = YES;
				CLANG_WARN_INFINITE_RECURSION = YES;
				CLANG_WARN_INT_CONVERSION = YES;
				CLANG_WARN_NON_LITERAL_NULL_CONVERSION = YES;
				CLANG_WARN_OBJC_IMPLICIT_RETAIN_SELF = YES;
				CLANG_WARN_OBJC_LITERAL_CONVERSION = YES;
				CLANG_WARN_OBJC_ROOT_CLASS = YES_ERROR;
				CLANG_WARN_RANGE_LOOP_ANALYSIS = YES;
				CLANG_WARN_STRICT_PROTOTYPES = YES;
				CLANG_WARN_SUSPICIOUS_MOVE = YES;
				CLANG_WARN_UNGUARDED_AVAILABILITY = YES_AGGRESSIVE;
				CLANG_WARN_UNREACHABLE_CODE = YES;
				CLANG_WARN__DUPLICATE_METHOD_MATCH = YES;
				COPY_PHASE_STRIP = NO;
				DEBUG_INFORMATION_FORMAT = "dwarf-with-dsym";
				ENABLE_NS_ASSERTIONS = NO;
				ENABLE_STRICT_OBJC_MSGSEND = YES;
				GCC_C_LANGUAGE_STANDARD = gnu11;
				GCC_NO_COMMON_BLOCKS = YES;
				GCC_WARN_64_TO_32_BIT_CONVERSION = YES;
				GCC_WARN_ABOUT_RETURN_TYPE = YES_ERROR;
				GCC_WARN_UNDECLARED_SELECTOR = YES;
				GCC_WARN_UNINITIALIZED_AUTOS = YES_AGGRESSIVE;
				GCC_WARN_UNUSED_FUNCTION = YES;
				GCC_WARN_UNUSED_VARIABLE = YES;
				IPHONEOS_DEPLOYMENT_TARGET = 13.2;
				MTL_ENABLE_DEBUG_INFO = NO;
				MTL_FAST_MATH = YES;
				SDKROOT = iphoneos;
				SWIFT_COMPILATION_MODE = wholemodule;
				SWIFT_OPTIMIZATION_LEVEL = "-O";
				VALIDATE_PRODUCT = YES;
			};
			name = Release;
		};
		963EE917241985DE00DEB3A3 /* Debug */ = {
			isa = XCBuildConfiguration;
			buildSettings = {
				ASSETCATALOG_COMPILER_APPICON_NAME = AppIcon;
				CODE_SIGN_STYLE = Automatic;
				DEVELOPMENT_TEAM = G5E672XZJJ;
				INFOPLIST_FILE = AkiX/Info.plist;
				LD_RUNPATH_SEARCH_PATHS = (
					"$(inherited)",
					"@executable_path/Frameworks",
				);
				PRODUCT_BUNDLE_IDENTIFIER = ErmeDev.AkiX;
				PRODUCT_NAME = "$(TARGET_NAME)";
				SWIFT_VERSION = 5.0;
				TARGETED_DEVICE_FAMILY = "1,2";
			};
			name = Debug;
		};
		963EE918241985DE00DEB3A3 /* Release */ = {
			isa = XCBuildConfiguration;
			buildSettings = {
				ASSETCATALOG_COMPILER_APPICON_NAME = AppIcon;
				CODE_SIGN_STYLE = Automatic;
				DEVELOPMENT_TEAM = G5E672XZJJ;
				INFOPLIST_FILE = AkiX/Info.plist;
				LD_RUNPATH_SEARCH_PATHS = (
					"$(inherited)",
					"@executable_path/Frameworks",
				);
				PRODUCT_BUNDLE_IDENTIFIER = ErmeDev.AkiX;
				PRODUCT_NAME = "$(TARGET_NAME)";
				SWIFT_VERSION = 5.0;
				TARGETED_DEVICE_FAMILY = "1,2";
			};
			name = Release;
		};
/* End XCBuildConfiguration section */

/* Begin XCConfigurationList section */
		963EE8FA241985DE00DEB3A3 /* Build configuration list for PBXProject "AkiX" */ = {
			isa = XCConfigurationList;
			buildConfigurations = (
				963EE914241985DE00DEB3A3 /* Debug */,
				963EE915241985DE00DEB3A3 /* Release */,
			);
			defaultConfigurationIsVisible = 0;
			defaultConfigurationName = Release;
		};
		963EE916241985DE00DEB3A3 /* Build configuration list for PBXNativeTarget "AkiX" */ = {
			isa = XCConfigurationList;
			buildConfigurations = (
				963EE917241985DE00DEB3A3 /* Debug */,
				963EE918241985DE00DEB3A3 /* Release */,
			);
			defaultConfigurationIsVisible = 0;
			defaultConfigurationName = Release;
		};
/* End XCConfigurationList section */

/* Begin XCVersionGroup section */
		963EE90B241985DE00DEB3A3 /* AkiX.xcdatamodeld */ = {
			isa = XCVersionGroup;
			children = (
				963EE90C241985DE00DEB3A3 /* AkiX.xcdatamodel */,
			);
			currentVersion = 963EE90C241985DE00DEB3A3 /* AkiX.xcdatamodel */;
			path = AkiX.xcdatamodeld;
			sourceTree = "<group>";
			versionGroupType = wrapper.xcdatamodel;
		};
/* End XCVersionGroup section */
	};
	rootObject = 963EE8F7241985DE00DEB3A3 /* Project object */;
}
